<?xml version="1.0" encoding="utf-8"?>
<Project ToolsVersion="4.0" xmlns="http://schemas.microsoft.com/developer/msbuild/2003">
  <ItemGroup>
    <ClCompile Include="Source\Top-Down\Smoke.cpp" />
    <ClCompile Include="Source\Top-Down\EnemyTopDown.cpp" />
    <ClCompile Include="Source\Top-Down\ProjectileTopDown.cpp" />
    <ClCompile Include="Source\Top-Down\PlayerTopDown.cpp" />
    <ClCompile Include="Source\Match3\Candy.cpp" />
    <ClCompile Include="Source\Match3\MapMatch3.cpp" />
    <ClCompile Include="Source\Match3\Match3.cpp" />
    <ClCompile Include="Source\Clicker\AutoUpgrade.cpp" />
    <ClCompile Include="Source\Clicker\GameMasterClicker.cpp" />
    <ClCompile Include="Source\Clicker\Clicker.cpp" />
    <ClCompile Include="Source\TowerDefense\Build.cpp" />
    <ClCompile Include="Source\TowerDefense\ButtonWave.cpp" />
    <ClCompile Include="Source\TowerDefense\GameMaster.cpp" />
    <ClCompile Include="Source\TowerDefense\EnemyTowerDefense.cpp" />
    <ClCompile Include="Source\BasicBox.cpp" />
    <ClCompile Include="Source\Button.cpp" />
    <ClCompile Include="Source\SceneMenu.cpp" />
    <ClCompile Include="Source\BulletHell\EnemyBulletHell.cpp" />
    <ClCompile Include="Source\BulletHell\Projectile.cpp" />
    <ClCompile Include="Source\BulletHell\BulletHell.cpp" />
    <ClCompile Include="Source\BulletHell\Player.cpp" />
    <ClCompile Include="Source\Game.cpp" />
    <ClCompile Include="Source\TowerDefense\TowerDefense.cpp" />
    <ClCompile Include="Source\Text.cpp" />
    <ClCompile Include="Source\Clicker\UpgradeAutoUp.cpp" />
    <ClCompile Include="Source\Top-Down\TopDown.cpp" />
    <ClCompile Include="Source\Top-Down\VictoryPoint.cpp" />
    <ClCompile Include="Source\Top-Down\Obstacle.cpp" />
    <ClCompile Include="Source\SceneVictoire.cpp" />
    <ClCompile Include="Source\LastSceneBackground.cpp" />
  </ItemGroup>
  <ItemGroup>
    <ClInclude Include="Include\TowerDefense\Build.h" />
    <ClInclude Include="Include\Top-Down\EnemyTopDown.h" />
    <ClInclude Include="Include\Match3\Candy.h" />
    <ClInclude Include="Include\Clicker\AutoUpgrade.h" />
    <ClInclude Include="Include\Clicker\GameMasterClicker.h" />
    <ClInclude Include="Include\Clicker\Clicker.h" />
    <ClInclude Include="Include\TowerDefense\ButtonWave.h" />
    <ClInclude Include="Include\TowerDefense\GameMaster.h" />
    <ClInclude Include="Include\TowerDefense\EnemyTowerDefense.h" />
    <ClInclude Include="Include\BasicBox.h" />
    <ClInclude Include="Include\Button.h" />
    <ClInclude Include="Include\BulletHell\EnemyBulletHell.h" />
    <ClInclude Include="Include\BulletHell\BulletHell.h" />
    <ClInclude Include="Include\BulletHell\Player.h" />
    <ClInclude Include="Include\BulletHell\Projectile.h" />
    <ClInclude Include="Include\SceneMenu.h" />
    <ClInclude Include="Include\TowerDefense\TowerDefense.h" />
    <ClInclude Include="Include\Text.h" />
    <ClInclude Include="Include\Clicker\UpgradeAutoUp.h" />
    <ClInclude Include="Include\Match3\Match3.h" />
    <ClInclude Include="Include\Match3\MapMatch3.h" />
    <ClInclude Include="Include\Top-Down\TopDown.h" />
    <ClInclude Include="Include\Top-Down\PlayerTopDown.h" />
    <ClInclude Include="Include\Top-Down\ProjectileTopDown.h" />
    <ClInclude Include="Include\Top-Down\VictoryPoint.h" />
    <ClInclude Include="Include\Top-Down\Smoke.h" />
    <ClInclude Include="Include\Top-Down\Obstacle.h" />
    <ClInclude Include="Include\SceneVictoire.h" />
    <ClInclude Include="Include\LastSceneBackground.h" />
  </ItemGroup>
  <ItemGroup>
    <None Include="ClassDiagram.cd" />
    <None Include="Include\BulletHell\EnemyBulletHell.inl" />
    <None Include="Include\Top-Down\EnemyTopDown.inl" />
  </ItemGroup>
</Project>